// !$*UTF8*$!
{
	archiveVersion = 1;
	classes = {
	};
	objectVersion = 46;
	objects = {

/* Begin PBXBuildFile section */
		11E302381BDD331B0082CE5D /* main.m in Sources */ = {isa = PBXBuildFile; fileRef = 11E302371BDD331B0082CE5D /* main.m */; };
		11E3023B1BDD331B0082CE5D /* AppDelegate.m in Sources */ = {isa = PBXBuildFile; fileRef = 11E3023A1BDD331B0082CE5D /* AppDelegate.m */; };
		11E3023E1BDD331B0082CE5D /* FanBox.xcdatamodeld in Sources */ = {isa = PBXBuildFile; fileRef = 11E3023C1BDD331B0082CE5D /* FanBox.xcdatamodeld */; };
		11E302411BDD331B0082CE5D /* ViewController.m in Sources */ = {isa = PBXBuildFile; fileRef = 11E302401BDD331B0082CE5D /* ViewController.m */; };
		11E302441BDD331B0082CE5D /* Main.storyboard in Resources */ = {isa = PBXBuildFile; fileRef = 11E302421BDD331B0082CE5D /* Main.storyboard */; };
		11E302461BDD331B0082CE5D /* Images.xcassets in Resources */ = {isa = PBXBuildFile; fileRef = 11E302451BDD331B0082CE5D /* Images.xcassets */; };
		11E302491BDD331B0082CE5D /* LaunchScreen.xib in Resources */ = {isa = PBXBuildFile; fileRef = 11E302471BDD331B0082CE5D /* LaunchScreen.xib */; };
		11E302551BDD331B0082CE5D /* FanBoxTests.m in Sources */ = {isa = PBXBuildFile; fileRef = 11E302541BDD331B0082CE5D /* FanBoxTests.m */; };
/* End PBXBuildFile section */

/* Begin PBXContainerItemProxy section */
		11E3024F1BDD331B0082CE5D /* PBXContainerItemProxy */ = {
			isa = PBXContainerItemProxy;
			containerPortal = 11E3022A1BDD331B0082CE5D /* Project object */;
			proxyType = 1;
			remoteGlobalIDString = 11E302311BDD331B0082CE5D;
			remoteInfo = FanBox;
		};
/* End PBXContainerItemProxy section */

/* Begin PBXFileReference section */
		11E302321BDD331B0082CE5D /* FanBox.app */ = {isa = PBXFileReference; explicitFileType = wrapper.application; includeInIndex = 0; path = FanBox.app; sourceTree = BUILT_PRODUCTS_DIR; };
		11E302361BDD331B0082CE5D /* Info.plist */ = {isa = PBXFileReference; lastKnownFileType = text.plist.xml; path = Info.plist; sourceTree = "<group>"; };
		11E302371BDD331B0082CE5D /* main.m */ = {isa = PBXFileReference; lastKnownFileType = sourcecode.c.objc; path = main.m; sourceTree = "<group>"; };
		11E302391BDD331B0082CE5D /* AppDelegate.h */ = {isa = PBXFileReference; lastKnownFileType = sourcecode.c.h; path = AppDelegate.h; sourceTree = "<group>"; };
		11E3023A1BDD331B0082CE5D /* AppDelegate.m */ = {isa = PBXFileReference; lastKnownFileType = sourcecode.c.objc; path = AppDelegate.m; sourceTree = "<group>"; };
		11E3023D1BDD331B0082CE5D /* FanBox.xcdatamodel */ = {isa = PBXFileReference; lastKnownFileType = wrapper.xcdatamodel; path = FanBox.xcdatamodel; sourceTree = "<group>"; };
		11E3023F1BDD331B0082CE5D /* ViewController.h */ = {isa = PBXFileReference; lastKnownFileType = sourcecode.c.h; path = ViewController.h; sourceTree = "<group>"; };
		11E302401BDD331B0082CE5D /* ViewController.m */ = {isa = PBXFileReference; lastKnownFileType = sourcecode.c.objc; path = ViewController.m; sourceTree = "<group>"; };
		11E302431BDD331B0082CE5D /* Base */ = {isa = PBXFileReference; lastKnownFileType = file.storyboard; name = Base; path = Base.lproj/Main.storyboard; sourceTree = "<group>"; };
		11E302451BDD331B0082CE5D /* Images.xcassets */ = {isa = PBXFileReference; lastKnownFileType = folder.assetcatalog; path = Images.xcassets; sourceTree = "<group>"; };
		11E302481BDD331B0082CE5D /* Base */ = {isa = PBXFileReference; lastKnownFileType = file.xib; name = Base; path = Base.lproj/LaunchScreen.xib; sourceTree = "<group>"; };
		11E3024E1BDD331B0082CE5D /* FanBoxTests.xctest */ = {isa = PBXFileReference; explicitFileType = wrapper.cfbundle; includeInIndex = 0; path = FanBoxTests.xctest; sourceTree = BUILT_PRODUCTS_DIR; };
		11E302531BDD331B0082CE5D /* Info.plist */ = {isa = PBXFileReference; lastKnownFileType = text.plist.xml; path = Info.plist; sourceTree = "<group>"; };
		11E302541BDD331B0082CE5D /* FanBoxTests.m */ = {isa = PBXFileReference; lastKnownFileType = sourcecode.c.objc; path = FanBoxTests.m; sourceTree = "<group>"; };
/* End PBXFileReference section */

/* Begin PBXFrameworksBuildPhase section */
		11E3022F1BDD331B0082CE5D /* Frameworks */ = {
			isa = PBXFrameworksBuildPhase;
			buildActionMask = 2147483647;
			files = (
			);
			runOnlyForDeploymentPostprocessing = 0;
		};
		11E3024B1BDD331B0082CE5D /* Frameworks */ = {
			isa = PBXFrameworksBuildPhase;
			buildActionMask = 2147483647;
			files = (
			);
			runOnlyForDeploymentPostprocessing = 0;
		};
/* End PBXFrameworksBuildPhase section */

/* Begin PBXGroup section */
		11E302291BDD331B0082CE5D = {
			isa = PBXGroup;
			children = (
				11E302341BDD331B0082CE5D /* FanBox */,
				11E302511BDD331B0082CE5D /* FanBoxTests */,
				11E302331BDD331B0082CE5D /* Products */,
			);
			sourceTree = "<group>";
		};
		11E302331BDD331B0082CE5D /* Products */ = {
			isa = PBXGroup;
			children = (
				11E302321BDD331B0082CE5D /* FanBox.app */,
				11E3024E1BDD331B0082CE5D /* FanBoxTests.xctest */,
			);
			name = Products;
			sourceTree = "<group>";
		};
		11E302341BDD331B0082CE5D /* FanBox */ = {
			isa = PBXGroup;
			children = (
				11E302391BDD331B0082CE5D /* AppDelegate.h */,
				11E3023A1BDD331B0082CE5D /* AppDelegate.m */,
				11E3023F1BDD331B0082CE5D /* ViewController.h */,
				11E302401BDD331B0082CE5D /* ViewController.m */,
				11E302421BDD331B0082CE5D /* Main.storyboard */,
				11E302451BDD331B0082CE5D /* Images.xcassets */,
				11E302471BDD331B0082CE5D /* LaunchScreen.xib */,
				11E3023C1BDD331B0082CE5D /* FanBox.xcdatamodeld */,
				11E302351BDD331B0082CE5D /* Supporting Files */,
			);
			path = FanBox;
			sourceTree = "<group>";
		};
		11E302351BDD331B0082CE5D /* Supporting Files */ = {
			isa = PBXGroup;
			children = (
				11E302361BDD331B0082CE5D /* Info.plist */,
				11E302371BDD331B0082CE5D /* main.m */,
			);
			name = "Supporting Files";
			sourceTree = "<group>";
		};
		11E302511BDD331B0082CE5D /* FanBoxTests */ = {
			isa = PBXGroup;
			children = (
				11E302541BDD331B0082CE5D /* FanBoxTests.m */,
				11E302521BDD331B0082CE5D /* Supporting Files */,
			);
			path = FanBoxTests;
			sourceTree = "<group>";
		};
		11E302521BDD331B0082CE5D /* Supporting Files */ = {
			isa = PBXGroup;
			children = (
				11E302531BDD331B0082CE5D /* Info.plist */,
			);
			name = "Supporting Files";
			sourceTree = "<group>";
		};
/* End PBXGroup section */

/* Begin PBXNativeTarget section */
		11E302311BDD331B0082CE5D /* FanBox */ = {
			isa = PBXNativeTarget;
			buildConfigurationList = 11E302581BDD331B0082CE5D /* Build configuration list for PBXNativeTarget "FanBox" */;
			buildPhases = (
				11E3022E1BDD331B0082CE5D /* Sources */,
				11E3022F1BDD331B0082CE5D /* Frameworks */,
				11E302301BDD331B0082CE5D /* Resources */,
			);
			buildRules = (
			);
			dependencies = (
			);
			name = FanBox;
			productName = FanBox;
			productReference = 11E302321BDD331B0082CE5D /* FanBox.app */;
			productType = "com.apple.product-type.application";
		};
		11E3024D1BDD331B0082CE5D /* FanBoxTests */ = {
			isa = PBXNativeTarget;
			buildConfigurationList = 11E3025B1BDD331B0082CE5D /* Build configuration list for PBXNativeTarget "FanBoxTests" */;
			buildPhases = (
				11E3024A1BDD331B0082CE5D /* Sources */,
				11E3024B1BDD331B0082CE5D /* Frameworks */,
				11E3024C1BDD331B0082CE5D /* Resources */,
			);
			buildRules = (
			);
			dependencies = (
				11E302501BDD331B0082CE5D /* PBXTargetDependency */,
			);
			name = FanBoxTests;
			productName = FanBoxTests;
			productReference = 11E3024E1BDD331B0082CE5D /* FanBoxTests.xctest */;
			productType = "com.apple.product-type.bundle.unit-test";
		};
/* End PBXNativeTarget section */

/* Begin PBXProject section */
		11E3022A1BDD331B0082CE5D /* Project object */ = {
			isa = PBXProject;
			attributes = {
				LastUpgradeCheck = 0630;
				ORGANIZATIONNAME = milad;
				TargetAttributes = {
					11E302311BDD331B0082CE5D = {
						CreatedOnToolsVersion = 6.3.1;
					};
					11E3024D1BDD331B0082CE5D = {
						CreatedOnToolsVersion = 6.3.1;
						TestTargetID = 11E302311BDD331B0082CE5D;
					};
				};
			};
			buildConfigurationList = 11E3022D1BDD331B0082CE5D /* Build configuration list for PBXProject "FanBox" */;
			compatibilityVersion = "Xcode 3.2";
			developmentRegion = English;
			hasScannedForEncodings = 0;
			knownRegions = (
				en,
				Base,
			);
			mainGroup = 11E302291BDD331B0082CE5D;
			productRefGroup = 11E302331BDD331B0082CE5D /* Products */;
			projectDirPath = "";
			projectRoot = "";
			targets = (
				11E302311BDD331B0082CE5D /* FanBox */,
				11E3024D1BDD331B0082CE5D /* FanBoxTests */,
			);
		};
/* End PBXProject section */

/* Begin PBXResourcesBuildPhase section */
		11E302301BDD331B0082CE5D /* Resources */ = {
			isa = PBXResourcesBuildPhase;
			buildActionMask = 2147483647;
			files = (
				11E302441BDD331B0082CE5D /* Main.storyboard in Resources */,
				11E302491BDD331B0082CE5D /* LaunchScreen.xib in Resources */,
				11E302461BDD331B0082CE5D /* Images.xcassets in Resources */,
			);
			runOnlyForDeploymentPostprocessing = 0;
		};
		11E3024C1BDD331B0082CE5D /* Resources */ = {
			isa = PBXResourcesBuildPhase;
			buildActionMask = 2147483647;
			files = (
			);
			runOnlyForDeploymentPostprocessing = 0;
		};
/* End PBXResourcesBuildPhase section */

/* Begin PBXSourcesBuildPhase section */
		11E3022E1BDD331B0082CE5D /* Sources */ = {
			isa = PBXSourcesBuildPhase;
			buildActionMask = 2147483647;
			files = (
				11E3023B1BDD331B0082CE5D /* AppDelegate.m in Sources */,
				11E302381BDD331B0082CE5D /* main.m in Sources */,
				11E302411BDD331B0082CE5D /* ViewController.m in Sources */,
				11E3023E1BDD331B0082CE5D /* FanBox.xcdatamodeld in Sources */,
			);
			runOnlyForDeploymentPostprocessing = 0;
		};
		11E3024A1BDD331B0082CE5D /* Sources */ = {
			isa = PBXSourcesBuildPhase;
			buildActionMask = 2147483647;
			files = (
				11E302551BDD331B0082CE5D /* FanBoxTests.m in Sources */,
			);
			runOnlyForDeploymentPostprocessing = 0;
		};
/* End PBXSourcesBuildPhase section */

/* Begin PBXTargetDependency section */
		11E302501BDD331B0082CE5D /* PBXTargetDependency */ = {
			isa = PBXTargetDependency;
			target = 11E302311BDD331B0082CE5D /* FanBox */;
			targetProxy = 11E3024F1BDD331B0082CE5D /* PBXContainerItemProxy */;
		};
/* End PBXTargetDependency section */

/* Begin PBXVariantGroup section */
		11E302421BDD331B0082CE5D /* Main.storyboard */ = {
			isa = PBXVariantGroup;
			children = (
				11E302431BDD331B0082CE5D /* Base */,
			);
			name = Main.storyboard;
			sourceTree = "<group>";
		};
		11E302471BDD331B0082CE5D /* LaunchScreen.xib */ = {
			isa = PBXVariantGroup;
			children = (
				11E302481BDD331B0082CE5D /* Base */,
			);
			name = LaunchScreen.xib;
			sourceTree = "<group>";
		};
/* End PBXVariantGroup section */

/* Begin XCBuildConfiguration section */
		11E302561BDD331B0082CE5D /* Debug */ = {
			isa = XCBuildConfiguration;
			buildSettings = {
				ALWAYS_SEARCH_USER_PATHS = NO;
				CLANG_CXX_LANGUAGE_STANDARD = "gnu++0x";
				CLANG_CXX_LIBRARY = "libc++";
				CLANG_ENABLE_MODULES = YES;
				CLANG_ENABLE_OBJC_ARC = YES;
				CLANG_WARN_BOOL_CONVERSION = YES;
				CLANG_WARN_CONSTANT_CONVERSION = YES;
				CLANG_WARN_DIRECT_OBJC_ISA_USAGE = YES_ERROR;
				CLANG_WARN_EMPTY_BODY = YES;
				CLANG_WARN_ENUM_CONVERSION = YES;
				CLANG_WARN_INT_CONVERSION = YES;
				CLANG_WARN_OBJC_ROOT_CLASS = YES_ERROR;
				CLANG_WARN_UNREACHABLE_CODE = YES;
				CLANG_WARN__DUPLICATE_METHOD_MATCH = YES;
				"CODE_SIGN_IDENTITY[sdk=iphoneos*]" = "iPhone Developer";
				COPY_PHASE_STRIP = NO;
				DEBUG_INFORMATION_FORMAT = "dwarf-with-dsym";
				ENABLE_STRICT_OBJC_MSGSEND = YES;
				GCC_C_LANGUAGE_STANDARD = gnu99;
				GCC_DYNAMIC_NO_PIC = NO;
				GCC_NO_COMMON_BLOCKS = YES;
				GCC_OPTIMIZATION_LEVEL = 0;
				GCC_PREPROCESSOR_DEFINITIONS = (
					"DEBUG=1",
					"$(inherited)",
				);
				GCC_SYMBOLS_PRIVATE_EXTERN = NO;
				GCC_WARN_64_TO_32_BIT_CONVERSION = YES;
				GCC_WARN_ABOUT_RETURN_TYPE = YES_ERROR;
				GCC_WARN_UNDECLARED_SELECTOR = YES;
				GCC_WARN_UNINITIALIZED_AUTOS = YES_AGGRESSIVE;
				GCC_WARN_UNUSED_FUNCTION = YES;
				GCC_WARN_UNUSED_VARIABLE = YES;
				IPHONEOS_DEPLOYMENT_TARGET = 8.3;
				MTL_ENABLE_DEBUG_INFO = YES;
				ONLY_ACTIVE_ARCH = YES;
				SDKROOT = iphoneos;
			};
			name = Debug;
		};
		11E302571BDD331B0082CE5D /* Release */ = {
			isa = XCBuildConfiguration;
			buildSettings = {
				ALWAYS_SEARCH_USER_PATHS = NO;
				CLANG_CXX_LANGUAGE_STANDARD = "gnu++0x";
				CLANG_CXX_LIBRARY = "libc++";
				CLANG_ENABLE_MODULES = YES;
				CLANG_ENABLE_OBJC_ARC = YES;
				CLANG_WARN_BOOL_CONVERSION = YES;
				CLANG_WARN_CONSTANT_CONVERSION = YES;
				CLANG_WARN_DIRECT_OBJC_ISA_USAGE = YES_ERROR;
				CLANG_WARN_EMPTY_BODY = YES;
				CLANG_WARN_ENUM_CONVERSION = YES;
				CLANG_WARN_INT_CONVERSION = YES;
				CLANG_WARN_OBJC_ROOT_CLASS = YES_ERROR;
				CLANG_WARN_UNREACHABLE_CODE = YES;
				CLANG_WARN__DUPLICATE_METHOD_MATCH = YES;
				"CODE_SIGN_IDENTITY[sdk=iphoneos*]" = "iPhone Developer";
				COPY_PHASE_STRIP = NO;
				DEBUG_INFORMATION_FORMAT = "dwarf-with-dsym";
				ENABLE_NS_ASSERTIONS = NO;
				ENABLE_STRICT_OBJC_MSGSEND = YES;
				GCC_C_LANGUAGE_STANDARD = gnu99;
				GCC_NO_COMMON_BLOCKS = YES;
				GCC_WARN_64_TO_32_BIT_CONVERSION = YES;
				GCC_WARN_ABOUT_RETURN_TYPE = YES_ERROR;
				GCC_WARN_UNDECLARED_SELECTOR = YES;
				GCC_WARN_UNINITIALIZED_AUTOS = YES_AGGRESSIVE;
				GCC_WARN_UNUSED_FUNCTION = YES;
				GCC_WARN_UNUSED_VARIABLE = YES;
				IPHONEOS_DEPLOYMENT_TARGET = 8.3;
				MTL_ENABLE_DEBUG_INFO = NO;
				SDKROOT = iphoneos;
				VALIDATE_PRODUCT = YES;
			};
			name = Release;
		};
		11E302591BDD331B0082CE5D /* Debug */ = {
			isa = XCBuildConfiguration;
			buildSettings = {
				ASSETCATALOG_COMPILER_APPICON_NAME = AppIcon;
				INFOPLIST_FILE = FanBox/Info.plist;
				LD_RUNPATH_SEARCH_PATHS = "$(inherited) @executable_path/Frameworks";
				PRODUCT_NAME = "$(TARGET_NAME)";
			};
			name = Debug;
		};
		11E3025A1BDD331B0082CE5D /* Release */ = {
			isa = XCBuildConfiguration;
			buildSettings = {
				ASSETCATALOG_COMPILER_APPICON_NAME = AppIcon;
				INFOPLIST_FILE = FanBox/Info.plist;
				LD_RUNPATH_SEARCH_PATHS = "$(inherited) @executable_path/Frameworks";
				PRODUCT_NAME = "$(TARGET_NAME)";
			};
			name = Release;
		};
		11E3025C1BDD331B0082CE5D /* Debug */ = {
			isa = XCBuildConfiguration;
			buildSettings = {
				BUNDLE_LOADER = "$(TEST_HOST)";
				FRAMEWORK_SEARCH_PATHS = (
					"$(SDKROOT)/Developer/Library/Frameworks",
					"$(inherited)",
				);
				GCC_PREPROCESSOR_DEFINITIONS = (
					"DEBUG=1",
					"$(inherited)",
				);
				INFOPLIST_FILE = FanBoxTests/Info.plist;
				LD_RUNPATH_SEARCH_PATHS = "$(inherited) @executable_path/Frameworks @loader_path/Frameworks";
				PRODUCT_NAME = "$(TARGET_NAME)";
				TEST_HOST = "$(BUILT_PRODUCTS_DIR)/FanBox.app/FanBox";
			};
			name = Debug;
		};
		11E3025D1BDD331B0082CE5D /* Release */ = {
			isa = XCBuildConfiguration;
			buildSettings = {
				BUNDLE_LOADER = "$(TEST_HOST)";
				FRAMEWORK_SEARCH_PATHS = (
					"$(SDKROOT)/Developer/Library/Frameworks",
					"$(inherited)",
				);
				INFOPLIST_FILE = FanBoxTests/Info.plist;
				LD_RUNPATH_SEARCH_PATHS = "$(inherited) @executable_path/Frameworks @loader_path/Frameworks";
				PRODUCT_NAME = "$(TARGET_NAME)";
				TEST_HOST = "$(BUILT_PRODUCTS_DIR)/FanBox.app/FanBox";
			};
			name = Release;
		};
/* End XCBuildConfiguration section */

/* Begin XCConfigurationList section */
		11E3022D1BDD331B0082CE5D /* Build configuration list for PBXProject "FanBox" */ = {
			isa = XCConfigurationList;
			buildConfigurations = (
				11E302561BDD331B0082CE5D /* Debug */,
				11E302571BDD331B0082CE5D /* Release */,
			);
			defaultConfigurationIsVisible = 0;
			defaultConfigurationName = Release;
		};
		11E302581BDD331B0082CE5D /* Build configuration list for PBXNativeTarget "FanBox" */ = {
			isa = XCConfigurationList;
			buildConfigurations = (
				11E302591BDD331B0082CE5D /* Debug */,
				11E3025A1BDD331B0082CE5D /* Release */,
			);
			defaultConfigurationIsVisible = 0;
		};
		11E3025B1BDD331B0082CE5D /* Build configuration list for PBXNativeTarget "FanBoxTests" */ = {
			isa = XCConfigurationList;
			buildConfigurations = (
				11E3025C1BDD331B0082CE5D /* Debug */,
				11E3025D1BDD331B0082CE5D /* Release */,
			);
			defaultConfigurationIsVisible = 0;
		};
/* End XCConfigurationList section */

/* Begin XCVersionGroup section */
		11E3023C1BDD331B0082CE5D /* FanBox.xcdatamodeld */ = {
			isa = XCVersionGroup;
			children = (
				11E3023D1BDD331B0082CE5D /* FanBox.xcdatamodel */,
			);
			currentVersion = 11E3023D1BDD331B0082CE5D /* FanBox.xcdatamodel */;
			path = FanBox.xcdatamodeld;
			sourceTree = "<group>";
			versionGroupType = wrapper.xcdatamodel;
		};
/* End XCVersionGroup section */
	};
	rootObject = 11E3022A1BDD331B0082CE5D /* Project object */;
}
